// !$*UTF8*$!
{
	archiveVersion = 1;
	classes = {
	};
	objectVersion = 48;
	objects = {

/* Begin PBXBuildFile section */
		41DE694D230FF052007FC806 /* AppDelegate.swift in Sources */ = {isa = PBXBuildFile; fileRef = 41DE694C230FF052007FC806 /* AppDelegate.swift */; };
		41DE694F230FF052007FC806 /* ViewController.swift in Sources */ = {isa = PBXBuildFile; fileRef = 41DE694E230FF052007FC806 /* ViewController.swift */; };
		41DE6952230FF052007FC806 /* Main.storyboard in Resources */ = {isa = PBXBuildFile; fileRef = 41DE6950230FF052007FC806 /* Main.storyboard */; };
		41DE6954230FF052007FC806 /* Assets.xcassets in Resources */ = {isa = PBXBuildFile; fileRef = 41DE6953230FF052007FC806 /* Assets.xcassets */; };
		41DE6957230FF052007FC806 /* LaunchScreen.storyboard in Resources */ = {isa = PBXBuildFile; fileRef = 41DE6955230FF052007FC806 /* LaunchScreen.storyboard */; };
		41DE6962230FF052007FC806 /* UI_calculatorTests.swift in Sources */ = {isa = PBXBuildFile; fileRef = 41DE6961230FF052007FC806 /* UI_calculatorTests.swift */; };
		41DE696D230FF052007FC806 /* UI_calculatorUITests.swift in Sources */ = {isa = PBXBuildFile; fileRef = 41DE696C230FF052007FC806 /* UI_calculatorUITests.swift */; };
/* End PBXBuildFile section */

/* Begin PBXContainerItemProxy section */
		41DE695E230FF052007FC806 /* PBXContainerItemProxy */ = {
			isa = PBXContainerItemProxy;
			containerPortal = 41DE6941230FF052007FC806 /* Project object */;
			proxyType = 1;
			remoteGlobalIDString = 41DE6948230FF052007FC806;
			remoteInfo = UI_calculator;
		};
		41DE6969230FF052007FC806 /* PBXContainerItemProxy */ = {
			isa = PBXContainerItemProxy;
			containerPortal = 41DE6941230FF052007FC806 /* Project object */;
			proxyType = 1;
			remoteGlobalIDString = 41DE6948230FF052007FC806;
			remoteInfo = UI_calculator;
		};
/* End PBXContainerItemProxy section */

/* Begin PBXFileReference section */
		41DE6949230FF052007FC806 /* UI_calculator.app */ = {isa = PBXFileReference; explicitFileType = wrapper.application; includeInIndex = 0; path = UI_calculator.app; sourceTree = BUILT_PRODUCTS_DIR; };
		41DE694C230FF052007FC806 /* AppDelegate.swift */ = {isa = PBXFileReference; lastKnownFileType = sourcecode.swift; path = AppDelegate.swift; sourceTree = "<group>"; };
		41DE694E230FF052007FC806 /* ViewController.swift */ = {isa = PBXFileReference; lastKnownFileType = sourcecode.swift; path = ViewController.swift; sourceTree = "<group>"; };
		41DE6951230FF052007FC806 /* Base */ = {isa = PBXFileReference; lastKnownFileType = file.storyboard; name = Base; path = Base.lproj/Main.storyboard; sourceTree = "<group>"; };
		41DE6953230FF052007FC806 /* Assets.xcassets */ = {isa = PBXFileReference; lastKnownFileType = folder.assetcatalog; path = Assets.xcassets; sourceTree = "<group>"; };
		41DE6956230FF052007FC806 /* Base */ = {isa = PBXFileReference; lastKnownFileType = file.storyboard; name = Base; path = Base.lproj/LaunchScreen.storyboard; sourceTree = "<group>"; };
		41DE6958230FF052007FC806 /* Info.plist */ = {isa = PBXFileReference; lastKnownFileType = text.plist.xml; path = Info.plist; sourceTree = "<group>"; };
		41DE695D230FF052007FC806 /* UI_calculatorTests.xctest */ = {isa = PBXFileReference; explicitFileType = wrapper.cfbundle; includeInIndex = 0; path = UI_calculatorTests.xctest; sourceTree = BUILT_PRODUCTS_DIR; };
		41DE6961230FF052007FC806 /* UI_calculatorTests.swift */ = {isa = PBXFileReference; lastKnownFileType = sourcecode.swift; path = UI_calculatorTests.swift; sourceTree = "<group>"; };
		41DE6963230FF052007FC806 /* Info.plist */ = {isa = PBXFileReference; lastKnownFileType = text.plist.xml; path = Info.plist; sourceTree = "<group>"; };
		41DE6968230FF052007FC806 /* UI_calculatorUITests.xctest */ = {isa = PBXFileReference; explicitFileType = wrapper.cfbundle; includeInIndex = 0; path = UI_calculatorUITests.xctest; sourceTree = BUILT_PRODUCTS_DIR; };
		41DE696C230FF052007FC806 /* UI_calculatorUITests.swift */ = {isa = PBXFileReference; lastKnownFileType = sourcecode.swift; path = UI_calculatorUITests.swift; sourceTree = "<group>"; };
		41DE696E230FF052007FC806 /* Info.plist */ = {isa = PBXFileReference; lastKnownFileType = text.plist.xml; path = Info.plist; sourceTree = "<group>"; };
/* End PBXFileReference section */

/* Begin PBXFrameworksBuildPhase section */
		41DE6946230FF052007FC806 /* Frameworks */ = {
			isa = PBXFrameworksBuildPhase;
			buildActionMask = 2147483647;
			files = (
			);
			runOnlyForDeploymentPostprocessing = 0;
		};
		41DE695A230FF052007FC806 /* Frameworks */ = {
			isa = PBXFrameworksBuildPhase;
			buildActionMask = 2147483647;
			files = (
			);
			runOnlyForDeploymentPostprocessing = 0;
		};
		41DE6965230FF052007FC806 /* Frameworks */ = {
			isa = PBXFrameworksBuildPhase;
			buildActionMask = 2147483647;
			files = (
			);
			runOnlyForDeploymentPostprocessing = 0;
		};
/* End PBXFrameworksBuildPhase section */

/* Begin PBXGroup section */
		41DE6940230FF052007FC806 = {
			isa = PBXGroup;
			children = (
				41DE694B230FF052007FC806 /* UI_calculator */,
				41DE6960230FF052007FC806 /* UI_calculatorTests */,
				41DE696B230FF052007FC806 /* UI_calculatorUITests */,
				41DE694A230FF052007FC806 /* Products */,
			);
			sourceTree = "<group>";
		};
		41DE694A230FF052007FC806 /* Products */ = {
			isa = PBXGroup;
			children = (
				41DE6949230FF052007FC806 /* UI_calculator.app */,
				41DE695D230FF052007FC806 /* UI_calculatorTests.xctest */,
				41DE6968230FF052007FC806 /* UI_calculatorUITests.xctest */,
			);
			name = Products;
			sourceTree = "<group>";
		};
		41DE694B230FF052007FC806 /* UI_calculator */ = {
			isa = PBXGroup;
			children = (
				41DE694C230FF052007FC806 /* AppDelegate.swift */,
				41DE694E230FF052007FC806 /* ViewController.swift */,
				41DE6950230FF052007FC806 /* Main.storyboard */,
				41DE6953230FF052007FC806 /* Assets.xcassets */,
				41DE6955230FF052007FC806 /* LaunchScreen.storyboard */,
				41DE6958230FF052007FC806 /* Info.plist */,
			);
			path = UI_calculator;
			sourceTree = "<group>";
		};
		41DE6960230FF052007FC806 /* UI_calculatorTests */ = {
			isa = PBXGroup;
			children = (
				41DE6961230FF052007FC806 /* UI_calculatorTests.swift */,
				41DE6963230FF052007FC806 /* Info.plist */,
			);
			path = UI_calculatorTests;
			sourceTree = "<group>";
		};
		41DE696B230FF052007FC806 /* UI_calculatorUITests */ = {
			isa = PBXGroup;
			children = (
				41DE696C230FF052007FC806 /* UI_calculatorUITests.swift */,
				41DE696E230FF052007FC806 /* Info.plist */,
			);
			path = UI_calculatorUITests;
			sourceTree = "<group>";
		};
/* End PBXGroup section */

/* Begin PBXNativeTarget section */
		41DE6948230FF052007FC806 /* UI_calculator */ = {
			isa = PBXNativeTarget;
			buildConfigurationList = 41DE6971230FF052007FC806 /* Build configuration list for PBXNativeTarget "UI_calculator" */;
			buildPhases = (
				41DE6945230FF052007FC806 /* Sources */,
				41DE6946230FF052007FC806 /* Frameworks */,
				41DE6947230FF052007FC806 /* Resources */,
			);
			buildRules = (
			);
			dependencies = (
			);
			name = UI_calculator;
			productName = UI_calculator;
			productReference = 41DE6949230FF052007FC806 /* UI_calculator.app */;
			productType = "com.apple.product-type.application";
		};
		41DE695C230FF052007FC806 /* UI_calculatorTests */ = {
			isa = PBXNativeTarget;
			buildConfigurationList = 41DE6974230FF052007FC806 /* Build configuration list for PBXNativeTarget "UI_calculatorTests" */;
			buildPhases = (
				41DE6959230FF052007FC806 /* Sources */,
				41DE695A230FF052007FC806 /* Frameworks */,
				41DE695B230FF052007FC806 /* Resources */,
			);
			buildRules = (
			);
			dependencies = (
				41DE695F230FF052007FC806 /* PBXTargetDependency */,
			);
			name = UI_calculatorTests;
			productName = UI_calculatorTests;
			productReference = 41DE695D230FF052007FC806 /* UI_calculatorTests.xctest */;
			productType = "com.apple.product-type.bundle.unit-test";
		};
		41DE6967230FF052007FC806 /* UI_calculatorUITests */ = {
			isa = PBXNativeTarget;
			buildConfigurationList = 41DE6977230FF052007FC806 /* Build configuration list for PBXNativeTarget "UI_calculatorUITests" */;
			buildPhases = (
				41DE6964230FF052007FC806 /* Sources */,
				41DE6965230FF052007FC806 /* Frameworks */,
				41DE6966230FF052007FC806 /* Resources */,
			);
			buildRules = (
			);
			dependencies = (
				41DE696A230FF052007FC806 /* PBXTargetDependency */,
			);
			name = UI_calculatorUITests;
			productName = UI_calculatorUITests;
			productReference = 41DE6968230FF052007FC806 /* UI_calculatorUITests.xctest */;
			productType = "com.apple.product-type.bundle.ui-testing";
		};
/* End PBXNativeTarget section */

/* Begin PBXProject section */
		41DE6941230FF052007FC806 /* Project object */ = {
			isa = PBXProject;
			attributes = {
				LastSwiftUpdateCheck = 0920;
				LastUpgradeCheck = 0920;
				ORGANIZATIONNAME = COe;
				TargetAttributes = {
					41DE6948230FF052007FC806 = {
						CreatedOnToolsVersion = 9.2;
						ProvisioningStyle = Automatic;
					};
					41DE695C230FF052007FC806 = {
						CreatedOnToolsVersion = 9.2;
						ProvisioningStyle = Automatic;
						TestTargetID = 41DE6948230FF052007FC806;
					};
					41DE6967230FF052007FC806 = {
						CreatedOnToolsVersion = 9.2;
						ProvisioningStyle = Automatic;
						TestTargetID = 41DE6948230FF052007FC806;
					};
				};
			};
			buildConfigurationList = 41DE6944230FF052007FC806 /* Build configuration list for PBXProject "UI_calculator" */;
			compatibilityVersion = "Xcode 8.0";
			developmentRegion = en;
			hasScannedForEncodings = 0;
			knownRegions = (
				en,
				Base,
			);
			mainGroup = 41DE6940230FF052007FC806;
			productRefGroup = 41DE694A230FF052007FC806 /* Products */;
			projectDirPath = "";
			projectRoot = "";
			targets = (
				41DE6948230FF052007FC806 /* UI_calculator */,
				41DE695C230FF052007FC806 /* UI_calculatorTests */,
				41DE6967230FF052007FC806 /* UI_calculatorUITests */,
			);
		};
/* End PBXProject section */

/* Begin PBXResourcesBuildPhase section */
		41DE6947230FF052007FC806 /* Resources */ = {
			isa = PBXResourcesBuildPhase;
			buildActionMask = 2147483647;
			files = (
				41DE6957230FF052007FC806 /* LaunchScreen.storyboard in Resources */,
				41DE6954230FF052007FC806 /* Assets.xcassets in Resources */,
				41DE6952230FF052007FC806 /* Main.storyboard in Resources */,
			);
			runOnlyForDeploymentPostprocessing = 0;
		};
		41DE695B230FF052007FC806 /* Resources */ = {
			isa = PBXResourcesBuildPhase;
			buildActionMask = 2147483647;
			files = (
			);
			runOnlyForDeploymentPostprocessing = 0;
		};
		41DE6966230FF052007FC806 /* Resources */ = {
			isa = PBXResourcesBuildPhase;
			buildActionMask = 2147483647;
			files = (
			);
			runOnlyForDeploymentPostprocessing = 0;
		};
/* End PBXResourcesBuildPhase section */

/* Begin PBXSourcesBuildPhase section */
		41DE6945230FF052007FC806 /* Sources */ = {
			isa = PBXSourcesBuildPhase;
			buildActionMask = 2147483647;
			files = (
				41DE694F230FF052007FC806 /* ViewController.swift in Sources */,
				41DE694D230FF052007FC806 /* AppDelegate.swift in Sources */,
			);
			runOnlyForDeploymentPostprocessing = 0;
		};
		41DE6959230FF052007FC806 /* Sources */ = {
			isa = PBXSourcesBuildPhase;
			buildActionMask = 2147483647;
			files = (
				41DE6962230FF052007FC806 /* UI_calculatorTests.swift in Sources */,
			);
			runOnlyForDeploymentPostprocessing = 0;
		};
		41DE6964230FF052007FC806 /* Sources */ = {
			isa = PBXSourcesBuildPhase;
			buildActionMask = 2147483647;
			files = (
				41DE696D230FF052007FC806 /* UI_calculatorUITests.swift in Sources */,
			);
			runOnlyForDeploymentPostprocessing = 0;
		};
/* End PBXSourcesBuildPhase section */

/* Begin PBXTargetDependency section */
		41DE695F230FF052007FC806 /* PBXTargetDependency */ = {
			isa = PBXTargetDependency;
			target = 41DE6948230FF052007FC806 /* UI_calculator */;
			targetProxy = 41DE695E230FF052007FC806 /* PBXContainerItemProxy */;
		};
		41DE696A230FF052007FC806 /* PBXTargetDependency */ = {
			isa = PBXTargetDependency;
			target = 41DE6948230FF052007FC806 /* UI_calculator */;
			targetProxy = 41DE6969230FF052007FC806 /* PBXContainerItemProxy */;
		};
/* End PBXTargetDependency section */

/* Begin PBXVariantGroup section */
		41DE6950230FF052007FC806 /* Main.storyboard */ = {
			isa = PBXVariantGroup;
			children = (
				41DE6951230FF052007FC806 /* Base */,
			);
			name = Main.storyboard;
			sourceTree = "<group>";
		};
		41DE6955230FF052007FC806 /* LaunchScreen.storyboard */ = {
			isa = PBXVariantGroup;
			children = (
				41DE6956230FF052007FC806 /* Base */,
			);
			name = LaunchScreen.storyboard;
			sourceTree = "<group>";
		};
/* End PBXVariantGroup section */

/* Begin XCBuildConfiguration section */
		41DE696F230FF052007FC806 /* Debug */ = {
			isa = XCBuildConfiguration;
			buildSettings = {
				ALWAYS_SEARCH_USER_PATHS = NO;
				CLANG_ANALYZER_NONNULL = YES;
				CLANG_ANALYZER_NUMBER_OBJECT_CONVERSION = YES_AGGRESSIVE;
				CLANG_CXX_LANGUAGE_STANDARD = "gnu++14";
				CLANG_CXX_LIBRARY = "libc++";
				CLANG_ENABLE_MODULES = YES;
				CLANG_ENABLE_OBJC_ARC = YES;
				CLANG_WARN_BLOCK_CAPTURE_AUTORELEASING = YES;
				CLANG_WARN_BOOL_CONVERSION = YES;
				CLANG_WARN_COMMA = YES;
				CLANG_WARN_CONSTANT_CONVERSION = YES;
				CLANG_WARN_DIRECT_OBJC_ISA_USAGE = YES_ERROR;
				CLANG_WARN_DOCUMENTATION_COMMENTS = YES;
				CLANG_WARN_EMPTY_BODY = YES;
				CLANG_WARN_ENUM_CONVERSION = YES;
				CLANG_WARN_INFINITE_RECURSION = YES;
				CLANG_WARN_INT_CONVERSION = YES;
				CLANG_WARN_NON_LITERAL_NULL_CONVERSION = YES;
				CLANG_WARN_OBJC_LITERAL_CONVERSION = YES;
				CLANG_WARN_OBJC_ROOT_CLASS = YES_ERROR;
				CLANG_WARN_RANGE_LOOP_ANALYSIS = YES;
				CLANG_WARN_STRICT_PROTOTYPES = YES;
				CLANG_WARN_SUSPICIOUS_MOVE = YES;
				CLANG_WARN_UNGUARDED_AVAILABILITY = YES_AGGRESSIVE;
				CLANG_WARN_UNREACHABLE_CODE = YES;
				CLANG_WARN__DUPLICATE_METHOD_MATCH = YES;
				CODE_SIGN_IDENTITY = "iPhone Developer";
				COPY_PHASE_STRIP = NO;
				DEBUG_INFORMATION_FORMAT = dwarf;
				ENABLE_STRICT_OBJC_MSGSEND = YES;
				ENABLE_TESTABILITY = YES;
				GCC_C_LANGUAGE_STANDARD = gnu11;
				GCC_DYNAMIC_NO_PIC = NO;
				GCC_NO_COMMON_BLOCKS = YES;
				GCC_OPTIMIZATION_LEVEL = 0;
				GCC_PREPROCESSOR_DEFINITIONS = (
					"DEBUG=1",
					"$(inherited)",
				);
				GCC_WARN_64_TO_32_BIT_CONVERSION = YES;
				GCC_WARN_ABOUT_RETURN_TYPE = YES_ERROR;
				GCC_WARN_UNDECLARED_SELECTOR = YES;
				GCC_WARN_UNINITIALIZED_AUTOS = YES_AGGRESSIVE;
				GCC_WARN_UNUSED_FUNCTION = YES;
				GCC_WARN_UNUSED_VARIABLE = YES;
				IPHONEOS_DEPLOYMENT_TARGET = 11.2;
				MTL_ENABLE_DEBUG_INFO = YES;
				ONLY_ACTIVE_ARCH = YES;
				SDKROOT = iphoneos;
				SWIFT_ACTIVE_COMPILATION_CONDITIONS = DEBUG;
				SWIFT_OPTIMIZATION_LEVEL = "-Onone";
			};
			name = Debug;
		};
		41DE6970230FF052007FC806 /* Release */ = {
			isa = XCBuildConfiguration;
			buildSettings = {
				ALWAYS_SEARCH_USER_PATHS = NO;
				CLANG_ANALYZER_NONNULL = YES;
				CLANG_ANALYZER_NUMBER_OBJECT_CONVERSION = YES_AGGRESSIVE;
				CLANG_CXX_LANGUAGE_STANDARD = "gnu++14";
				CLANG_CXX_LIBRARY = "libc++";
				CLANG_ENABLE_MODULES = YES;
				CLANG_ENABLE_OBJC_ARC = YES;
				CLANG_WARN_BLOCK_CAPTURE_AUTORELEASING = YES;
				CLANG_WARN_BOOL_CONVERSION = YES;
				CLANG_WARN_COMMA = YES;
				CLANG_WARN_CONSTANT_CONVERSION = YES;
				CLANG_WARN_DIRECT_OBJC_ISA_USAGE = YES_ERROR;
				CLANG_WARN_DOCUMENTATION_COMMENTS = YES;
				CLANG_WARN_EMPTY_BODY = YES;
				CLANG_WARN_ENUM_CONVERSION = YES;
				CLANG_WARN_INFINITE_RECURSION = YES;
				CLANG_WARN_INT_CONVERSION = YES;
				CLANG_WARN_NON_LITERAL_NULL_CONVERSION = YES;
				CLANG_WARN_OBJC_LITERAL_CONVERSION = YES;
				CLANG_WARN_OBJC_ROOT_CLASS = YES_ERROR;
				CLANG_WARN_RANGE_LOOP_ANALYSIS = YES;
				CLANG_WARN_STRICT_PROTOTYPES = YES;
				CLANG_WARN_SUSPICIOUS_MOVE = YES;
				CLANG_WARN_UNGUARDED_AVAILABILITY = YES_AGGRESSIVE;
				CLANG_WARN_UNREACHABLE_CODE = YES;
				CLANG_WARN__DUPLICATE_METHOD_MATCH = YES;
				CODE_SIGN_IDENTITY = "iPhone Developer";
				COPY_PHASE_STRIP = NO;
				DEBUG_INFORMATION_FORMAT = "dwarf-with-dsym";
				ENABLE_NS_ASSERTIONS = NO;
				ENABLE_STRICT_OBJC_MSGSEND = YES;
				GCC_C_LANGUAGE_STANDARD = gnu11;
				GCC_NO_COMMON_BLOCKS = YES;
				GCC_WARN_64_TO_32_BIT_CONVERSION = YES;
				GCC_WARN_ABOUT_RETURN_TYPE = YES_ERROR;
				GCC_WARN_UNDECLARED_SELECTOR = YES;
				GCC_WARN_UNINITIALIZED_AUTOS = YES_AGGRESSIVE;
				GCC_WARN_UNUSED_FUNCTION = YES;
				GCC_WARN_UNUSED_VARIABLE = YES;
				IPHONEOS_DEPLOYMENT_TARGET = 11.2;
				MTL_ENABLE_DEBUG_INFO = NO;
				SDKROOT = iphoneos;
				SWIFT_OPTIMIZATION_LEVEL = "-Owholemodule";
				VALIDATE_PRODUCT = YES;
			};
			name = Release;
		};
		41DE6972230FF052007FC806 /* Debug */ = {
			isa = XCBuildConfiguration;
			buildSettings = {
				ASSETCATALOG_COMPILER_APPICON_NAME = AppIcon;
				CODE_SIGN_STYLE = Automatic;
				INFOPLIST_FILE = UI_calculator/Info.plist;
				LD_RUNPATH_SEARCH_PATHS = "$(inherited) @executable_path/Frameworks";
				PRODUCT_BUNDLE_IDENTIFIER = "bgv.UI-calculator";
				PRODUCT_NAME = "$(TARGET_NAME)";
				SWIFT_VERSION = 4.0;
				TARGETED_DEVICE_FAMILY = "1,2";
			};
			name = Debug;
		};
		41DE6973230FF052007FC806 /* Release */ = {
			isa = XCBuildConfiguration;
			buildSettings = {
				ASSETCATALOG_COMPILER_APPICON_NAME = AppIcon;
				CODE_SIGN_STYLE = Automatic;
				INFOPLIST_FILE = UI_calculator/Info.plist;
				LD_RUNPATH_SEARCH_PATHS = "$(inherited) @executable_path/Frameworks";
				PRODUCT_BUNDLE_IDENTIFIER = "bgv.UI-calculator";
				PRODUCT_NAME = "$(TARGET_NAME)";
				SWIFT_VERSION = 4.0;
				TARGETED_DEVICE_FAMILY = "1,2";
			};
			name = Release;
		};
		41DE6975230FF052007FC806 /* Debug */ = {
			isa = XCBuildConfiguration;
			buildSettings = {
				ALWAYS_EMBED_SWIFT_STANDARD_LIBRARIES = YES;
				BUNDLE_LOADER = "$(TEST_HOST)";
				CODE_SIGN_STYLE = Automatic;
				INFOPLIST_FILE = UI_calculatorTests/Info.plist;
				LD_RUNPATH_SEARCH_PATHS = "$(inherited) @executable_path/Frameworks @loader_path/Frameworks";
				PRODUCT_BUNDLE_IDENTIFIER = "bgv.UI-calculatorTests";
				PRODUCT_NAME = "$(TARGET_NAME)";
				SWIFT_VERSION = 4.0;
				TARGETED_DEVICE_FAMILY = "1,2";
				TEST_HOST = "$(BUILT_PRODUCTS_DIR)/UI_calculator.app/UI_calculator";
			};
			name = Debug;
		};
		41DE6976230FF052007FC806 /* Release */ = {
			isa = XCBuildConfiguration;
			buildSettings = {
				ALWAYS_EMBED_SWIFT_STANDARD_LIBRARIES = YES;
				BUNDLE_LOADER = "$(TEST_HOST)";
				CODE_SIGN_STYLE = Automatic;
				INFOPLIST_FILE = UI_calculatorTests/Info.plist;
				LD_RUNPATH_SEARCH_PATHS = "$(inherited) @executable_path/Frameworks @loader_path/Frameworks";
				PRODUCT_BUNDLE_IDENTIFIER = "bgv.UI-calculatorTests";
				PRODUCT_NAME = "$(TARGET_NAME)";
				SWIFT_VERSION = 4.0;
				TARGETED_DEVICE_FAMILY = "1,2";
				TEST_HOST = "$(BUILT_PRODUCTS_DIR)/UI_calculator.app/UI_calculator";
			};
			name = Release;
		};
		41DE6978230FF052007FC806 /* Debug */ = {
			isa = XCBuildConfiguration;
			buildSettings = {
				ALWAYS_EMBED_SWIFT_STANDARD_LIBRARIES = YES;
				CODE_SIGN_STYLE = Automatic;
				INFOPLIST_FILE = UI_calculatorUITests/Info.plist;
				LD_RUNPATH_SEARCH_PATHS = "$(inherited) @executable_path/Frameworks @loader_path/Frameworks";
				PRODUCT_BUNDLE_IDENTIFIER = "bgv.UI-calculatorUITests";
				PRODUCT_NAME = "$(TARGET_NAME)";
				SWIFT_VERSION = 4.0;
				TARGETED_DEVICE_FAMILY = "1,2";
				TEST_TARGET_NAME = UI_calculator;
			};
			name = Debug;
		};
		41DE6979230FF052007FC806 /* Release */ = {
			isa = XCBuildConfiguration;
			buildSettings = {
				ALWAYS_EMBED_SWIFT_STANDARD_LIBRARIES = YES;
				CODE_SIGN_STYLE = Automatic;
				INFOPLIST_FILE = UI_calculatorUITests/Info.plist;
				LD_RUNPATH_SEARCH_PATHS = "$(inherited) @executable_path/Frameworks @loader_path/Frameworks";
				PRODUCT_BUNDLE_IDENTIFIER = "bgv.UI-calculatorUITests";
				PRODUCT_NAME = "$(TARGET_NAME)";
				SWIFT_VERSION = 4.0;
				TARGETED_DEVICE_FAMILY = "1,2";
				TEST_TARGET_NAME = UI_calculator;
			};
			name = Release;
		};
/* End XCBuildConfiguration section */

/* Begin XCConfigurationList section */
		41DE6944230FF052007FC806 /* Build configuration list for PBXProject "UI_calculator" */ = {
			isa = XCConfigurationList;
			buildConfigurations = (
				41DE696F230FF052007FC806 /* Debug */,
				41DE6970230FF052007FC806 /* Release */,
			);
			defaultConfigurationIsVisible = 0;
			defaultConfigurationName = Release;
		};
		41DE6971230FF052007FC806 /* Build configuration list for PBXNativeTarget "UI_calculator" */ = {
			isa = XCConfigurationList;
			buildConfigurations = (
				41DE6972230FF052007FC806 /* Debug */,
				41DE6973230FF052007FC806 /* Release */,
			);
			defaultConfigurationIsVisible = 0;
			defaultConfigurationName = Release;
		};
		41DE6974230FF052007FC806 /* Build configuration list for PBXNativeTarget "UI_calculatorTests" */ = {
			isa = XCConfigurationList;
			buildConfigurations = (
				41DE6975230FF052007FC806 /* Debug */,
				41DE6976230FF052007FC806 /* Release */,
			);
			defaultConfigurationIsVisible = 0;
			defaultConfigurationName = Release;
		};
		41DE6977230FF052007FC806 /* Build configuration list for PBXNativeTarget "UI_calculatorUITests" */ = {
			isa = XCConfigurationList;
			buildConfigurations = (
				41DE6978230FF052007FC806 /* Debug */,
				41DE6979230FF052007FC806 /* Release */,
			);
			defaultConfigurationIsVisible = 0;
			defaultConfigurationName = Release;
		};
/* End XCConfigurationList section */
	};
	rootObject = 41DE6941230FF052007FC806 /* Project object */;
}
